
Microsoft Visual Studio Solution File, Format Version 12.00
# Visual Studio Version 17
VisualStudioVersion = 17.6.33829.357
MinimumVisualStudioVersion = 10.0.40219.1
Project("{FAE04EC0-301F-11D3-BF4B-00C04F79EFBC}") = "GPCI", "GPCI.csproj", "{A1020C6B-B788-4F5F-BF0F-E35AB073B152}"
EndProject
Global
	GlobalSection(SolutionConfigurationPlatforms) = preSolution
		Debug|Any CPU = Debug|Any CPU
		Release|Any CPU = Release|Any CPU
	EndGlobalSection
	GlobalSection(ProjectConfigurationPlatforms) = postSolution
		{A1020C6B-B788-4F5F-BF0F-E35AB073B152}.Debug|Any CPU.ActiveCfg = Debug|Any CPU
		{A1020C6B-B788-4F5F-BF0F-E35AB073B152}.Debug|Any CPU.Build.0 = Debug|Any CPU
		{A1020C6B-B788-4F5F-BF0F-E35AB073B152}.Release|Any CPU.ActiveCfg = Release|Any CPU
		{A1020C6B-B788-4F5F-BF0F-E35AB073B152}.Release|Any CPU.Build.0 = Release|Any CPU
	EndGlobalSection
	GlobalSection(SolutionProperties) = preSolution
		HideSolutionNode = FALSE
	EndGlobalSection
	GlobalSection(ExtensibilityGlobals) = postSolution
		SolutionGuid = {272A6A4B-5104-473A-8871-D5B44651DD37}
	EndGlobalSection
EndGlobal
